
Microsoft Visual Studio Solution File, Format Version 12.00
# Visual Studio 2013
VisualStudioVersion = 12.0.31101.0
MinimumVisualStudioVersion = 10.0.40219.1
Project("{FAE04EC0-301F-11D3-BF4B-00C04F79EFBC}") = "SafeBeaches", "SafeBeaches\SafeBeaches.csproj", "{0FB0C97C-F9E4-439B-A2C7-7F9D4B475250}"
EndProject
Project("{2150E333-8FDC-42A3-9474-1A3956D46DE8}") = "PublishScripts", "PublishScripts", "{EE9933EE-3D5E-443C-BFD5-7BA71860577D}"
	ProjectSection(SolutionItems) = preProject
		PublishScripts\AzureWebsitePublishModule.psm1 = PublishScripts\AzureWebsitePublishModule.psm1
		PublishScripts\Publish-WebApplicationWebsite.ps1 = PublishScripts\Publish-WebApplicationWebsite.ps1
	EndProjectSection
EndProject
Project("{2150E333-8FDC-42A3-9474-1A3956D46DE8}") = "Configurations", "Configurations", "{0B42BAF4-58C5-4144-9F61-82715532AA06}"
	ProjectSection(SolutionItems) = preProject
		PublishScripts\Configurations\SafeBeaches-WAWS-dev.json = PublishScripts\Configurations\SafeBeaches-WAWS-dev.json
	EndProjectSection
EndProject
Global
	GlobalSection(SolutionConfigurationPlatforms) = preSolution
		Debug|Any CPU = Debug|Any CPU
		Release|Any CPU = Release|Any CPU
	EndGlobalSection
	GlobalSection(ProjectConfigurationPlatforms) = postSolution
		{0FB0C97C-F9E4-439B-A2C7-7F9D4B475250}.Debug|Any CPU.ActiveCfg = Debug|Any CPU
		{0FB0C97C-F9E4-439B-A2C7-7F9D4B475250}.Debug|Any CPU.Build.0 = Debug|Any CPU
		{0FB0C97C-F9E4-439B-A2C7-7F9D4B475250}.Release|Any CPU.ActiveCfg = Release|Any CPU
		{0FB0C97C-F9E4-439B-A2C7-7F9D4B475250}.Release|Any CPU.Build.0 = Release|Any CPU
	EndGlobalSection
	GlobalSection(SolutionProperties) = preSolution
		HideSolutionNode = FALSE
	EndGlobalSection
	GlobalSection(NestedProjects) = preSolution
		{0B42BAF4-58C5-4144-9F61-82715532AA06} = {EE9933EE-3D5E-443C-BFD5-7BA71860577D}
	EndGlobalSection
EndGlobal
